{
  "requires": true,
  "lockfileVersion": 1,
  "dependencies": {
    "react-simple-oauth2-login": {
      "version": "0.2.0",
      "resolved": "https://registry.npmjs.org/react-simple-oauth2-login/-/react-simple-oauth2-login-0.2.0.tgz",
      "integrity": "sha512-rVQJN/ngEpHK9uQl6S7ymtm0o39c7t/kUxjJg6Yy1uL7A9At0YqjhAw1mDVj2ht9EkVGE8QgzYbXZElRC2OeFQ=="
    }
  }
}
